
Microsoft Visual Studio Solution File, Format Version 12.00
# Visual Studio Version 17
VisualStudioVersion = 17.11.35208.52
MinimumVisualStudioVersion = 10.0.40219.1
Project("{FAE04EC0-301F-11D3-BF4B-00C04F79EFBC}") = "FirmwareUpdater", "FirmwareUpdater\FirmwareUpdater.csproj", "{8C496AE0-28F5-417A-8AF5-8E6C0DE0AFA1}"
EndProject
Global
	GlobalSection(SolutionConfigurationPlatforms) = preSolution
		Debug|Any CPU = Debug|Any CPU
		Release|Any CPU = Release|Any CPU
	EndGlobalSection
	GlobalSection(ProjectConfigurationPlatforms) = postSolution
		{8C496AE0-28F5-417A-8AF5-8E6C0DE0AFA1}.Debug|Any CPU.ActiveCfg = Debug|Any CPU
		{8C496AE0-28F5-417A-8AF5-8E6C0DE0AFA1}.Debug|Any CPU.Build.0 = Debug|Any CPU
		{8C496AE0-28F5-417A-8AF5-8E6C0DE0AFA1}.Release|Any CPU.ActiveCfg = Release|Any CPU
		{8C496AE0-28F5-417A-8AF5-8E6C0DE0AFA1}.Release|Any CPU.Build.0 = Release|Any CPU
	EndGlobalSection
	GlobalSection(SolutionProperties) = preSolution
		HideSolutionNode = FALSE
	EndGlobalSection
	GlobalSection(ExtensibilityGlobals) = postSolution
		SolutionGuid = {8361C78C-FAE8-45B3-A56E-E4AC049E4733}
	EndGlobalSection
EndGlobal
